
Microsoft Visual Studio Solution File, Format Version 12.00
# Visual Studio Version 16
VisualStudioVersion = 16.0.30907.101
MinimumVisualStudioVersion = 10.0.40219.1
Project("{FAE04EC0-301F-11D3-BF4B-00C04F79EFBC}") = "WPFExpanderPlayground", "WPFExpanderPlayground\WPFExpanderPlayground.csproj", "{69897BA8-D17C-421C-819C-C303EC6FB989}"
EndProject
Global
	GlobalSection(SolutionConfigurationPlatforms) = preSolution
		Debug|Any CPU = Debug|Any CPU
		Release|Any CPU = Release|Any CPU
	EndGlobalSection
	GlobalSection(ProjectConfigurationPlatforms) = postSolution
		{69897BA8-D17C-421C-819C-C303EC6FB989}.Debug|Any CPU.ActiveCfg = Debug|Any CPU
		{69897BA8-D17C-421C-819C-C303EC6FB989}.Debug|Any CPU.Build.0 = Debug|Any CPU
		{69897BA8-D17C-421C-819C-C303EC6FB989}.Release|Any CPU.ActiveCfg = Release|Any CPU
		{69897BA8-D17C-421C-819C-C303EC6FB989}.Release|Any CPU.Build.0 = Release|Any CPU
	EndGlobalSection
	GlobalSection(SolutionProperties) = preSolution
		HideSolutionNode = FALSE
	EndGlobalSection
	GlobalSection(ExtensibilityGlobals) = postSolution
		SolutionGuid = {C015CFF4-F5EE-45F8-861A-ED4025214099}
	EndGlobalSection
EndGlobal
